Microsoft Visual Studio Solution File, Format Version 12.00
# Visual Studio Version 17
VisualStudioVersion = 17.5.2.0
MinimumVisualStudioVersion = 10.0.40219.1
Project("{FAE04EC0-301F-11D3-BF4B-00C04F79EFBC}") = "Ac7", "Ac7.csproj", "{4B7B2026-9B07-F86F-24AE-7F034BCA43AC}"
EndProject
Global
	GlobalSection(SolutionConfigurationPlatforms) = preSolution
		Debug|Any CPU = Debug|Any CPU
		Release|Any CPU = Release|Any CPU
	EndGlobalSection
	GlobalSection(ProjectConfigurationPlatforms) = postSolution
		{4B7B2026-9B07-F86F-24AE-7F034BCA43AC}.Debug|Any CPU.ActiveCfg = Debug|Any CPU
		{4B7B2026-9B07-F86F-24AE-7F034BCA43AC}.Debug|Any CPU.Build.0 = Debug|Any CPU
		{4B7B2026-9B07-F86F-24AE-7F034BCA43AC}.Release|Any CPU.ActiveCfg = Release|Any CPU
		{4B7B2026-9B07-F86F-24AE-7F034BCA43AC}.Release|Any CPU.Build.0 = Release|Any CPU
	EndGlobalSection
	GlobalSection(SolutionProperties) = preSolution
		HideSolutionNode = FALSE
	EndGlobalSection
	GlobalSection(ExtensibilityGlobals) = postSolution
		SolutionGuid = {1E7EC124-8BAF-493D-B7EC-73B8420854C0}
	EndGlobalSection
EndGlobal
